
Microsoft Visual Studio Solution File, Format Version 12.00
# Visual Studio Version 17
VisualStudioVersion = 17.9.34321.82
MinimumVisualStudioVersion = 10.0.40219.1
Project("{FAE04EC0-301F-11D3-BF4B-00C04F79EFBC}") = "GMapform", "GMapform\GMapform.csproj", "{91A830E4-4B4D-4AFE-8A5E-D944FE84F34C}"
EndProject
Global
	GlobalSection(SolutionConfigurationPlatforms) = preSolution
		Debug|Any CPU = Debug|Any CPU
		Release|Any CPU = Release|Any CPU
	EndGlobalSection
	GlobalSection(ProjectConfigurationPlatforms) = postSolution
		{91A830E4-4B4D-4AFE-8A5E-D944FE84F34C}.Debug|Any CPU.ActiveCfg = Debug|Any CPU
		{91A830E4-4B4D-4AFE-8A5E-D944FE84F34C}.Debug|Any CPU.Build.0 = Debug|Any CPU
		{91A830E4-4B4D-4AFE-8A5E-D944FE84F34C}.Release|Any CPU.ActiveCfg = Release|Any CPU
		{91A830E4-4B4D-4AFE-8A5E-D944FE84F34C}.Release|Any CPU.Build.0 = Release|Any CPU
	EndGlobalSection
	GlobalSection(SolutionProperties) = preSolution
		HideSolutionNode = FALSE
	EndGlobalSection
	GlobalSection(ExtensibilityGlobals) = postSolution
		SolutionGuid = {DC8E5C2B-54A6-4E84-B6FF-35223EAF63D0}
	EndGlobalSection
EndGlobal
